PODS:
  - ACContentSizeTableView (0.0.1)

DEPENDENCIES:
  - ACContentSizeTableView (from `../`)

EXTERNAL SOURCES:
  ACContentSizeTableView:
    :path: "../"

SPEC CHECKSUMS:
  ACContentSizeTableView: f11baebd952191436d45db0453dc046a8ec10ad0

PODFILE CHECKSUM: e2182c886b7152a4d0297238e462c5e67e730304

COCOAPODS: 1.8.1
